
Microsoft Visual Studio Solution File, Format Version 12.00
# Visual Studio Version 16
VisualStudioVersion = 16.0.33328.57
MinimumVisualStudioVersion = 10.0.40219.1
Project("{8BC9CEB8-8B4A-11D0-8D11-00A0C91BC942}") = "线程池_v1.0", "线程池\线程池.vcxproj", "{FC0DD6DA-64D5-4514-9F3D-15723DD9DFCA}"
EndProject
Project("{8BC9CEB8-8B4A-11D0-8D11-00A0C91BC942}") = "线程池_v2.0", "线程池_v2.0\线程池_v2.0.vcxproj", "{5D6DDC1A-4B4B-4AF3-8A8D-F5C8BA641CBB}"
EndProject
Global
	GlobalSection(SolutionConfigurationPlatforms) = preSolution
		Debug|x64 = Debug|x64
		Debug|x86 = Debug|x86
		Release|x64 = Release|x64
		Release|x86 = Release|x86
	EndGlobalSection
	GlobalSection(ProjectConfigurationPlatforms) = postSolution
		{FC0DD6DA-64D5-4514-9F3D-15723DD9DFCA}.Debug|x64.ActiveCfg = Debug|x64
		{FC0DD6DA-64D5-4514-9F3D-15723DD9DFCA}.Debug|x64.Build.0 = Debug|x64
		{FC0DD6DA-64D5-4514-9F3D-15723DD9DFCA}.Debug|x86.ActiveCfg = Debug|Win32
		{FC0DD6DA-64D5-4514-9F3D-15723DD9DFCA}.Debug|x86.Build.0 = Debug|Win32
		{FC0DD6DA-64D5-4514-9F3D-15723DD9DFCA}.Release|x64.ActiveCfg = Release|x64
		{FC0DD6DA-64D5-4514-9F3D-15723DD9DFCA}.Release|x64.Build.0 = Release|x64
		{FC0DD6DA-64D5-4514-9F3D-15723DD9DFCA}.Release|x86.ActiveCfg = Release|Win32
		{FC0DD6DA-64D5-4514-9F3D-15723DD9DFCA}.Release|x86.Build.0 = Release|Win32
		{5D6DDC1A-4B4B-4AF3-8A8D-F5C8BA641CBB}.Debug|x64.ActiveCfg = Debug|x64
		{5D6DDC1A-4B4B-4AF3-8A8D-F5C8BA641CBB}.Debug|x64.Build.0 = Debug|x64
		{5D6DDC1A-4B4B-4AF3-8A8D-F5C8BA641CBB}.Debug|x86.ActiveCfg = Debug|Win32
		{5D6DDC1A-4B4B-4AF3-8A8D-F5C8BA641CBB}.Debug|x86.Build.0 = Debug|Win32
		{5D6DDC1A-4B4B-4AF3-8A8D-F5C8BA641CBB}.Release|x64.ActiveCfg = Release|x64
		{5D6DDC1A-4B4B-4AF3-8A8D-F5C8BA641CBB}.Release|x64.Build.0 = Release|x64
		{5D6DDC1A-4B4B-4AF3-8A8D-F5C8BA641CBB}.Release|x86.ActiveCfg = Release|Win32
		{5D6DDC1A-4B4B-4AF3-8A8D-F5C8BA641CBB}.Release|x86.Build.0 = Release|Win32
	EndGlobalSection
	GlobalSection(SolutionProperties) = preSolution
		HideSolutionNode = FALSE
	EndGlobalSection
	GlobalSection(ExtensibilityGlobals) = postSolution
		SolutionGuid = {27CDAF06-B1C9-4729-9466-E2D2D312CA24}
	EndGlobalSection
EndGlobal
